
Microsoft Visual Studio Solution File, Format Version 12.00
# Visual Studio Version 17
VisualStudioVersion = 17.4.33213.308
MinimumVisualStudioVersion = 10.0.40219.1
Project("{FAE04EC0-301F-11D3-BF4B-00C04F79EFBC}") = "mortageCalculator", "mortageCalculator\mortageCalculator.csproj", "{B04CC362-FAE1-4145-BD7F-D957796ADF9C}"
EndProject
Global
	GlobalSection(SolutionConfigurationPlatforms) = preSolution
		Debug|Any CPU = Debug|Any CPU
		Release|Any CPU = Release|Any CPU
	EndGlobalSection
	GlobalSection(ProjectConfigurationPlatforms) = postSolution
		{B04CC362-FAE1-4145-BD7F-D957796ADF9C}.Debug|Any CPU.ActiveCfg = Debug|Any CPU
		{B04CC362-FAE1-4145-BD7F-D957796ADF9C}.Debug|Any CPU.Build.0 = Debug|Any CPU
		{B04CC362-FAE1-4145-BD7F-D957796ADF9C}.Release|Any CPU.ActiveCfg = Release|Any CPU
		{B04CC362-FAE1-4145-BD7F-D957796ADF9C}.Release|Any CPU.Build.0 = Release|Any CPU
	EndGlobalSection
	GlobalSection(SolutionProperties) = preSolution
		HideSolutionNode = FALSE
	EndGlobalSection
	GlobalSection(ExtensibilityGlobals) = postSolution
		SolutionGuid = {A8B7D2CC-5192-4C36-B916-7FF47B6FB9F1}
	EndGlobalSection
EndGlobal
